
Microsoft Visual Studio Solution File, Format Version 12.00
# Visual Studio Version 16
VisualStudioVersion = 16.0.30523.141
MinimumVisualStudioVersion = 10.0.40219.1
Project("{FAE04EC0-301F-11D3-BF4B-00C04F79EFBC}") = "GalaxyMerge.IO", "GalaxyMerge.IO\GalaxyMerge.IO.csproj", "{9C3B117B-5ACB-49C8-B19D-4FCA1CE2BE88}"
EndProject
Project("{FAE04EC0-301F-11D3-BF4B-00C04F79EFBC}") = "GalaxyMerge.Services", "GalaxyMerge.Services\GalaxyMerge.Services.csproj", "{0A10EA2F-BB40-4DA4-B4B0-9EFC58A58725}"
EndProject
Project("{FAE04EC0-301F-11D3-BF4B-00C04F79EFBC}") = "GalaxyMerge.Archestra", "GalaxyMerge.Archestra\GalaxyMerge.Archestra.csproj", "{32EA2985-26C5-44B5-B8C1-46C8D4DA0979}"
EndProject
Project("{2150E333-8FDC-42A3-9474-1A3956D46DE8}") = "Testing", "Testing", "{5B40454C-F34F-4EC8-80BF-48E4F9DCD4C9}"
EndProject
Project("{FAE04EC0-301F-11D3-BF4B-00C04F79EFBC}") = "GalaxyMerge.Host", "GalaxyMerge.Host\GalaxyMerge.Host.csproj", "{56F996D1-4DD5-428B-B1FC-4345DF3F7B71}"
EndProject
Project("{2150E333-8FDC-42A3-9474-1A3956D46DE8}") = "Server", "Server", "{9D0E27B6-2F28-481D-B5AA-6F95C22C2530}"
EndProject
Project("{2150E333-8FDC-42A3-9474-1A3956D46DE8}") = "Client", "Client", "{62CE6D9C-8204-479F-B8EF-A11609AB4273}"
EndProject
Project("{2150E333-8FDC-42A3-9474-1A3956D46DE8}") = "Shared", "Shared", "{F315C569-1436-4161-A7BA-60BD073E707C}"
EndProject
Project("{FAE04EC0-301F-11D3-BF4B-00C04F79EFBC}") = "GalaxyMerge.Primitives", "GalaxyMerge.Primitives\GalaxyMerge.Primitives.csproj", "{446FE87C-5122-4344-9DF9-9F641E81A476}"
EndProject
Project("{FAE04EC0-301F-11D3-BF4B-00C04F79EFBC}") = "GalaxyMerge.Core", "GalaxyMerge.Core\GalaxyMerge.Core.csproj", "{DD496472-FB15-4FFC-86CA-2AC8F0E6CF3C}"
EndProject
Project("{FAE04EC0-301F-11D3-BF4B-00C04F79EFBC}") = "GalaxyMerge.Data", "GalaxyMerge.Data\GalaxyMerge.Data.csproj", "{1116A38E-AA67-46E3-9D09-E2DE5C2A694E}"
EndProject
Project("{FAE04EC0-301F-11D3-BF4B-00C04F79EFBC}") = "GalaxyMerge.Archestra.Tests", "..\tests\GalaxyMerge.Archestra.Tests\GalaxyMerge.Archestra.Tests.csproj", "{A794D19C-AAAD-4228-B9BC-1BCB8944B823}"
EndProject
Project("{FAE04EC0-301F-11D3-BF4B-00C04F79EFBC}") = "GalaxyMerge.Archive.Tests", "..\tests\GalaxyMerge.Archive.Tests\GalaxyMerge.Archive.Tests.csproj", "{96F065FC-F8ED-49DE-9B17-7F7E2BAC4B53}"
EndProject
Project("{FAE04EC0-301F-11D3-BF4B-00C04F79EFBC}") = "TestConsole", "..\tests\TestConsole\TestConsole.csproj", "{2969914A-CA35-45C9-B421-EFBB28CC0994}"
EndProject
Project("{FAE04EC0-301F-11D3-BF4B-00C04F79EFBC}") = "GalaxyMerge.Testing", "..\tests\GalaxyMerge.Testing\GalaxyMerge.Testing.csproj", "{97387893-B985-4FA7-BE27-598C33142963}"
EndProject
Project("{FAE04EC0-301F-11D3-BF4B-00C04F79EFBC}") = "GalaxyMerge.Services.Tests", "..\tests\GalaxyMerge.Services.Tests\GalaxyMerge.Services.Tests.csproj", "{E2FC3885-5BD4-4E4C-B08A-DEC5A18896DA}"
EndProject
Project("{FAE04EC0-301F-11D3-BF4B-00C04F79EFBC}") = "GalaxyMerge.Data.Tests", "..\tests\GalaxyMerge.Data.Tests\GalaxyMerge.Data.Tests.csproj", "{3658F2B5-79AE-4062-B061-97940C7C67C2}"
EndProject
Project("{FAE04EC0-301F-11D3-BF4B-00C04F79EFBC}") = "GalaxyMerge.Contracts", "GalaxyMerge.Contracts\GalaxyMerge.Contracts.csproj", "{B72FB577-363E-493F-B9C7-66B6DD8720AE}"
EndProject
Project("{FAE04EC0-301F-11D3-BF4B-00C04F79EFBC}") = "GalaxyMerge.Client.Proxies", "GalaxyMerge.Client.Proxies\GalaxyMerge.Client.Proxies.csproj", "{C080B539-439D-4C9E-BDF4-7578E215F34D}"
EndProject
Project("{FAE04EC0-301F-11D3-BF4B-00C04F79EFBC}") = "GalaxyMerge.Client.Application", "GalaxyMerge.Client.Application\GalaxyMerge.Client.Application.csproj", "{B4C6341B-0A12-461D-9E4C-A188D1B770B8}"
EndProject
Project("{FAE04EC0-301F-11D3-BF4B-00C04F79EFBC}") = "GalaxyMerge.Client.Core", "GalaxyMerge.Client.Core\GalaxyMerge.Client.Core.csproj", "{A52FAD8F-28B0-4527-9937-AD3885EECCC9}"
EndProject
Project("{FAE04EC0-301F-11D3-BF4B-00C04F79EFBC}") = "GalaxyMerge.Client.Converters", "GalaxyMerge.Client.Converters\GalaxyMerge.Client.Converters.csproj", "{710EA881-ACD9-4C06-97E6-6C88E395E821}"
EndProject
Project("{2150E333-8FDC-42A3-9474-1A3956D46DE8}") = "Modules", "Modules", "{A269B225-3BF3-4407-8F25-402F484B24B5}"
EndProject
Project("{FAE04EC0-301F-11D3-BF4B-00C04F79EFBC}") = "GalaxyMerge.Client.Data", "GalaxyMerge.Client.Data\GalaxyMerge.Client.Data.csproj", "{04B42B6E-DD66-49A8-84E8-BB2743293330}"
EndProject
Project("{FAE04EC0-301F-11D3-BF4B-00C04F79EFBC}") = "GalaxyMerge.Client.Dialogs", "GalaxyMerge.Client.Dialogs\GalaxyMerge.Client.Dialogs.csproj", "{9A11B5E3-17BF-4B60-9558-E1982C172B25}"
EndProject
Project("{FAE04EC0-301F-11D3-BF4B-00C04F79EFBC}") = "GalaxyMerge.Client.Resources", "GalaxyMerge.Client.Resources\GalaxyMerge.Client.Resources.csproj", "{0DB6D056-EEE8-49E1-8FF5-C6EDCE7C48FC}"
EndProject
Project("{FAE04EC0-301F-11D3-BF4B-00C04F79EFBC}") = "GalaxyMerge.Client.Events", "GalaxyMerge.Client.Events\GalaxyMerge.Client.Events.csproj", "{60790AC9-6ADD-444F-A812-22129782FA81}"
EndProject
Project("{FAE04EC0-301F-11D3-BF4B-00C04F79EFBC}") = "GalaxyMerge.Client.Data.Migrator", "GalaxyMerge.Client.Data.Migrator\GalaxyMerge.Client.Data.Migrator.csproj", "{FA36EC7D-59E3-42E9-9661-4CDEB8206BD1}"
EndProject
Project("{FAE04EC0-301F-11D3-BF4B-00C04F79EFBC}") = "GalaxyMerge.Client.UI.Connection", "GalaxyMerge.Client.UI.Connection\GalaxyMerge.Client.UI.Connection.csproj", "{CE25B627-6028-438D-B172-D81CE5FEDFB9}"
EndProject
Project("{FAE04EC0-301F-11D3-BF4B-00C04F79EFBC}") = "GalaxyMerge.Client.Wrappers", "GalaxyMerge.Client.Wrappers\GalaxyMerge.Client.Wrappers.csproj", "{31A6B9B2-E1C6-41AC-A753-8A1985842FB6}"
EndProject
Project("{FAE04EC0-301F-11D3-BF4B-00C04F79EFBC}") = "GalaxyMerge.Client.Converters.Tests", "..\tests\GalaxyMerge.Client.Converters.Tests\GalaxyMerge.Client.Converters.Tests.csproj", "{A34225E1-5B53-4464-B66C-05F8B0E2BFF0}"
EndProject
Project("{FAE04EC0-301F-11D3-BF4B-00C04F79EFBC}") = "GalaxyMerge.Client.Core.Tests", "..\tests\GalaxyMerge.Client.Core.Tests\GalaxyMerge.Client.Core.Tests.csproj", "{E866834A-A961-4B15-B138-4F95EE55C194}"
EndProject
Project("{FAE04EC0-301F-11D3-BF4B-00C04F79EFBC}") = "GalaxyMerge.Client.Data.Tests", "..\tests\GalaxyMerge.Client.Data.Tests\GalaxyMerge.Client.Data.Tests.csproj", "{A6B2CF2B-DF71-4F17-95FA-3E8BCEE3B8AE}"
EndProject
Project("{FAE04EC0-301F-11D3-BF4B-00C04F79EFBC}") = "GalaxyMerge.Client.ViewModel.Tests", "..\tests\GalaxyMerge.Client.ViewModel.Tests\GalaxyMerge.Client.ViewModel.Tests.csproj", "{955E823D-6B1A-4FD3-B237-858EC469307B}"
EndProject
Project("{FAE04EC0-301F-11D3-BF4B-00C04F79EFBC}") = "GalaxyMerge.Client.Wrapper.Tests", "..\tests\GalaxyMerge.Client.Wrapper.Tests\GalaxyMerge.Client.Wrapper.Tests.csproj", "{E6D99893-2458-4B3D-8E2B-8185FCC77F43}"
EndProject
Project("{2150E333-8FDC-42A3-9474-1A3956D46DE8}") = "Migrators", "Migrators", "{007BE7BC-3F87-486C-9033-172406ED71B3}"
EndProject
Project("{FAE04EC0-301F-11D3-BF4B-00C04F79EFBC}") = "GalaxyMerge.Host.Messaging", "GalaxyMerge.Host.Messaging\GalaxyMerge.Host.Messaging.csproj", "{4275FC5B-FEDC-43DF-85D1-6B95E9359F2B}"
EndProject
Project("{FAE04EC0-301F-11D3-BF4B-00C04F79EFBC}") = "GalaxyMerge.Logging", "GalaxyMerge.Logging\GalaxyMerge.Logging.csproj", "{A8CDE9C1-E747-4519-A460-B99A16C2DFD4}"
EndProject
Global
	GlobalSection(SolutionConfigurationPlatforms) = preSolution
		Debug|Any CPU = Debug|Any CPU
		Release|Any CPU = Release|Any CPU
	EndGlobalSection
	GlobalSection(ProjectConfigurationPlatforms) = postSolution
		{9C3B117B-5ACB-49C8-B19D-4FCA1CE2BE88}.Debug|Any CPU.ActiveCfg = Debug|Any CPU
		{9C3B117B-5ACB-49C8-B19D-4FCA1CE2BE88}.Debug|Any CPU.Build.0 = Debug|Any CPU
		{9C3B117B-5ACB-49C8-B19D-4FCA1CE2BE88}.Release|Any CPU.ActiveCfg = Release|Any CPU
		{9C3B117B-5ACB-49C8-B19D-4FCA1CE2BE88}.Release|Any CPU.Build.0 = Release|Any CPU
		{0A10EA2F-BB40-4DA4-B4B0-9EFC58A58725}.Debug|Any CPU.ActiveCfg = Debug|Any CPU
		{0A10EA2F-BB40-4DA4-B4B0-9EFC58A58725}.Debug|Any CPU.Build.0 = Debug|Any CPU
		{0A10EA2F-BB40-4DA4-B4B0-9EFC58A58725}.Release|Any CPU.ActiveCfg = Release|Any CPU
		{0A10EA2F-BB40-4DA4-B4B0-9EFC58A58725}.Release|Any CPU.Build.0 = Release|Any CPU
		{32EA2985-26C5-44B5-B8C1-46C8D4DA0979}.Debug|Any CPU.ActiveCfg = Debug|Any CPU
		{32EA2985-26C5-44B5-B8C1-46C8D4DA0979}.Debug|Any CPU.Build.0 = Debug|Any CPU
		{32EA2985-26C5-44B5-B8C1-46C8D4DA0979}.Release|Any CPU.ActiveCfg = Release|Any CPU
		{32EA2985-26C5-44B5-B8C1-46C8D4DA0979}.Release|Any CPU.Build.0 = Release|Any CPU
		{56F996D1-4DD5-428B-B1FC-4345DF3F7B71}.Debug|Any CPU.ActiveCfg = Debug|Any CPU
		{56F996D1-4DD5-428B-B1FC-4345DF3F7B71}.Debug|Any CPU.Build.0 = Debug|Any CPU
		{56F996D1-4DD5-428B-B1FC-4345DF3F7B71}.Release|Any CPU.ActiveCfg = Release|Any CPU
		{56F996D1-4DD5-428B-B1FC-4345DF3F7B71}.Release|Any CPU.Build.0 = Release|Any CPU
		{446FE87C-5122-4344-9DF9-9F641E81A476}.Debug|Any CPU.ActiveCfg = Debug|Any CPU
		{446FE87C-5122-4344-9DF9-9F641E81A476}.Debug|Any CPU.Build.0 = Debug|Any CPU
		{446FE87C-5122-4344-9DF9-9F641E81A476}.Release|Any CPU.ActiveCfg = Release|Any CPU
		{446FE87C-5122-4344-9DF9-9F641E81A476}.Release|Any CPU.Build.0 = Release|Any CPU
		{DD496472-FB15-4FFC-86CA-2AC8F0E6CF3C}.Debug|Any CPU.ActiveCfg = Debug|Any CPU
		{DD496472-FB15-4FFC-86CA-2AC8F0E6CF3C}.Debug|Any CPU.Build.0 = Debug|Any CPU
		{DD496472-FB15-4FFC-86CA-2AC8F0E6CF3C}.Release|Any CPU.ActiveCfg = Release|Any CPU
		{DD496472-FB15-4FFC-86CA-2AC8F0E6CF3C}.Release|Any CPU.Build.0 = Release|Any CPU
		{1116A38E-AA67-46E3-9D09-E2DE5C2A694E}.Debug|Any CPU.ActiveCfg = Debug|Any CPU
		{1116A38E-AA67-46E3-9D09-E2DE5C2A694E}.Debug|Any CPU.Build.0 = Debug|Any CPU
		{1116A38E-AA67-46E3-9D09-E2DE5C2A694E}.Release|Any CPU.ActiveCfg = Release|Any CPU
		{1116A38E-AA67-46E3-9D09-E2DE5C2A694E}.Release|Any CPU.Build.0 = Release|Any CPU
		{A794D19C-AAAD-4228-B9BC-1BCB8944B823}.Debug|Any CPU.ActiveCfg = Debug|Any CPU
		{A794D19C-AAAD-4228-B9BC-1BCB8944B823}.Debug|Any CPU.Build.0 = Debug|Any CPU
		{A794D19C-AAAD-4228-B9BC-1BCB8944B823}.Release|Any CPU.ActiveCfg = Release|Any CPU
		{A794D19C-AAAD-4228-B9BC-1BCB8944B823}.Release|Any CPU.Build.0 = Release|Any CPU
		{96F065FC-F8ED-49DE-9B17-7F7E2BAC4B53}.Debug|Any CPU.ActiveCfg = Debug|Any CPU
		{96F065FC-F8ED-49DE-9B17-7F7E2BAC4B53}.Debug|Any CPU.Build.0 = Debug|Any CPU
		{96F065FC-F8ED-49DE-9B17-7F7E2BAC4B53}.Release|Any CPU.ActiveCfg = Release|Any CPU
		{96F065FC-F8ED-49DE-9B17-7F7E2BAC4B53}.Release|Any CPU.Build.0 = Release|Any CPU
		{2969914A-CA35-45C9-B421-EFBB28CC0994}.Debug|Any CPU.ActiveCfg = Debug|Any CPU
		{2969914A-CA35-45C9-B421-EFBB28CC0994}.Debug|Any CPU.Build.0 = Debug|Any CPU
		{2969914A-CA35-45C9-B421-EFBB28CC0994}.Release|Any CPU.ActiveCfg = Release|Any CPU
		{2969914A-CA35-45C9-B421-EFBB28CC0994}.Release|Any CPU.Build.0 = Release|Any CPU
		{97387893-B985-4FA7-BE27-598C33142963}.Debug|Any CPU.ActiveCfg = Debug|Any CPU
		{97387893-B985-4FA7-BE27-598C33142963}.Debug|Any CPU.Build.0 = Debug|Any CPU
		{97387893-B985-4FA7-BE27-598C33142963}.Release|Any CPU.ActiveCfg = Release|Any CPU
		{97387893-B985-4FA7-BE27-598C33142963}.Release|Any CPU.Build.0 = Release|Any CPU
		{E2FC3885-5BD4-4E4C-B08A-DEC5A18896DA}.Debug|Any CPU.ActiveCfg = Debug|Any CPU
		{E2FC3885-5BD4-4E4C-B08A-DEC5A18896DA}.Debug|Any CPU.Build.0 = Debug|Any CPU
		{E2FC3885-5BD4-4E4C-B08A-DEC5A18896DA}.Release|Any CPU.ActiveCfg = Release|Any CPU
		{E2FC3885-5BD4-4E4C-B08A-DEC5A18896DA}.Release|Any CPU.Build.0 = Release|Any CPU
		{3658F2B5-79AE-4062-B061-97940C7C67C2}.Debug|Any CPU.ActiveCfg = Debug|Any CPU
		{3658F2B5-79AE-4062-B061-97940C7C67C2}.Debug|Any CPU.Build.0 = Debug|Any CPU
		{3658F2B5-79AE-4062-B061-97940C7C67C2}.Release|Any CPU.ActiveCfg = Release|Any CPU
		{3658F2B5-79AE-4062-B061-97940C7C67C2}.Release|Any CPU.Build.0 = Release|Any CPU
		{B72FB577-363E-493F-B9C7-66B6DD8720AE}.Debug|Any CPU.ActiveCfg = Debug|Any CPU
		{B72FB577-363E-493F-B9C7-66B6DD8720AE}.Debug|Any CPU.Build.0 = Debug|Any CPU
		{B72FB577-363E-493F-B9C7-66B6DD8720AE}.Release|Any CPU.ActiveCfg = Release|Any CPU
		{B72FB577-363E-493F-B9C7-66B6DD8720AE}.Release|Any CPU.Build.0 = Release|Any CPU
		{C080B539-439D-4C9E-BDF4-7578E215F34D}.Debug|Any CPU.ActiveCfg = Debug|Any CPU
		{C080B539-439D-4C9E-BDF4-7578E215F34D}.Debug|Any CPU.Build.0 = Debug|Any CPU
		{C080B539-439D-4C9E-BDF4-7578E215F34D}.Release|Any CPU.ActiveCfg = Release|Any CPU
		{C080B539-439D-4C9E-BDF4-7578E215F34D}.Release|Any CPU.Build.0 = Release|Any CPU
		{B4C6341B-0A12-461D-9E4C-A188D1B770B8}.Debug|Any CPU.ActiveCfg = Debug|Any CPU
		{B4C6341B-0A12-461D-9E4C-A188D1B770B8}.Debug|Any CPU.Build.0 = Debug|Any CPU
		{B4C6341B-0A12-461D-9E4C-A188D1B770B8}.Release|Any CPU.ActiveCfg = Release|Any CPU
		{B4C6341B-0A12-461D-9E4C-A188D1B770B8}.Release|Any CPU.Build.0 = Release|Any CPU
		{A52FAD8F-28B0-4527-9937-AD3885EECCC9}.Debug|Any CPU.ActiveCfg = Debug|Any CPU
		{A52FAD8F-28B0-4527-9937-AD3885EECCC9}.Debug|Any CPU.Build.0 = Debug|Any CPU
		{A52FAD8F-28B0-4527-9937-AD3885EECCC9}.Release|Any CPU.ActiveCfg = Release|Any CPU
		{A52FAD8F-28B0-4527-9937-AD3885EECCC9}.Release|Any CPU.Build.0 = Release|Any CPU
		{710EA881-ACD9-4C06-97E6-6C88E395E821}.Debug|Any CPU.ActiveCfg = Debug|Any CPU
		{710EA881-ACD9-4C06-97E6-6C88E395E821}.Debug|Any CPU.Build.0 = Debug|Any CPU
		{710EA881-ACD9-4C06-97E6-6C88E395E821}.Release|Any CPU.ActiveCfg = Release|Any CPU
		{710EA881-ACD9-4C06-97E6-6C88E395E821}.Release|Any CPU.Build.0 = Release|Any CPU
		{04B42B6E-DD66-49A8-84E8-BB2743293330}.Debug|Any CPU.ActiveCfg = Debug|Any CPU
		{04B42B6E-DD66-49A8-84E8-BB2743293330}.Debug|Any CPU.Build.0 = Debug|Any CPU
		{04B42B6E-DD66-49A8-84E8-BB2743293330}.Release|Any CPU.ActiveCfg = Release|Any CPU
		{04B42B6E-DD66-49A8-84E8-BB2743293330}.Release|Any CPU.Build.0 = Release|Any CPU
		{9A11B5E3-17BF-4B60-9558-E1982C172B25}.Debug|Any CPU.ActiveCfg = Debug|Any CPU
		{9A11B5E3-17BF-4B60-9558-E1982C172B25}.Debug|Any CPU.Build.0 = Debug|Any CPU
		{9A11B5E3-17BF-4B60-9558-E1982C172B25}.Release|Any CPU.ActiveCfg = Release|Any CPU
		{9A11B5E3-17BF-4B60-9558-E1982C172B25}.Release|Any CPU.Build.0 = Release|Any CPU
		{0DB6D056-EEE8-49E1-8FF5-C6EDCE7C48FC}.Debug|Any CPU.ActiveCfg = Debug|Any CPU
		{0DB6D056-EEE8-49E1-8FF5-C6EDCE7C48FC}.Debug|Any CPU.Build.0 = Debug|Any CPU
		{0DB6D056-EEE8-49E1-8FF5-C6EDCE7C48FC}.Release|Any CPU.ActiveCfg = Release|Any CPU
		{0DB6D056-EEE8-49E1-8FF5-C6EDCE7C48FC}.Release|Any CPU.Build.0 = Release|Any CPU
		{60790AC9-6ADD-444F-A812-22129782FA81}.Debug|Any CPU.ActiveCfg = Debug|Any CPU
		{60790AC9-6ADD-444F-A812-22129782FA81}.Debug|Any CPU.Build.0 = Debug|Any CPU
		{60790AC9-6ADD-444F-A812-22129782FA81}.Release|Any CPU.ActiveCfg = Release|Any CPU
		{60790AC9-6ADD-444F-A812-22129782FA81}.Release|Any CPU.Build.0 = Release|Any CPU
		{FA36EC7D-59E3-42E9-9661-4CDEB8206BD1}.Debug|Any CPU.ActiveCfg = Debug|Any CPU
		{FA36EC7D-59E3-42E9-9661-4CDEB8206BD1}.Debug|Any CPU.Build.0 = Debug|Any CPU
		{FA36EC7D-59E3-42E9-9661-4CDEB8206BD1}.Release|Any CPU.ActiveCfg = Release|Any CPU
		{FA36EC7D-59E3-42E9-9661-4CDEB8206BD1}.Release|Any CPU.Build.0 = Release|Any CPU
		{CE25B627-6028-438D-B172-D81CE5FEDFB9}.Debug|Any CPU.ActiveCfg = Debug|Any CPU
		{CE25B627-6028-438D-B172-D81CE5FEDFB9}.Debug|Any CPU.Build.0 = Debug|Any CPU
		{CE25B627-6028-438D-B172-D81CE5FEDFB9}.Release|Any CPU.ActiveCfg = Release|Any CPU
		{CE25B627-6028-438D-B172-D81CE5FEDFB9}.Release|Any CPU.Build.0 = Release|Any CPU
		{31A6B9B2-E1C6-41AC-A753-8A1985842FB6}.Debug|Any CPU.ActiveCfg = Debug|Any CPU
		{31A6B9B2-E1C6-41AC-A753-8A1985842FB6}.Debug|Any CPU.Build.0 = Debug|Any CPU
		{31A6B9B2-E1C6-41AC-A753-8A1985842FB6}.Release|Any CPU.ActiveCfg = Release|Any CPU
		{31A6B9B2-E1C6-41AC-A753-8A1985842FB6}.Release|Any CPU.Build.0 = Release|Any CPU
		{A34225E1-5B53-4464-B66C-05F8B0E2BFF0}.Debug|Any CPU.ActiveCfg = Debug|Any CPU
		{A34225E1-5B53-4464-B66C-05F8B0E2BFF0}.Debug|Any CPU.Build.0 = Debug|Any CPU
		{A34225E1-5B53-4464-B66C-05F8B0E2BFF0}.Release|Any CPU.ActiveCfg = Release|Any CPU
		{A34225E1-5B53-4464-B66C-05F8B0E2BFF0}.Release|Any CPU.Build.0 = Release|Any CPU
		{E866834A-A961-4B15-B138-4F95EE55C194}.Debug|Any CPU.ActiveCfg = Debug|Any CPU
		{E866834A-A961-4B15-B138-4F95EE55C194}.Debug|Any CPU.Build.0 = Debug|Any CPU
		{E866834A-A961-4B15-B138-4F95EE55C194}.Release|Any CPU.ActiveCfg = Release|Any CPU
		{E866834A-A961-4B15-B138-4F95EE55C194}.Release|Any CPU.Build.0 = Release|Any CPU
		{A6B2CF2B-DF71-4F17-95FA-3E8BCEE3B8AE}.Debug|Any CPU.ActiveCfg = Debug|Any CPU
		{A6B2CF2B-DF71-4F17-95FA-3E8BCEE3B8AE}.Debug|Any CPU.Build.0 = Debug|Any CPU
		{A6B2CF2B-DF71-4F17-95FA-3E8BCEE3B8AE}.Release|Any CPU.ActiveCfg = Release|Any CPU
		{A6B2CF2B-DF71-4F17-95FA-3E8BCEE3B8AE}.Release|Any CPU.Build.0 = Release|Any CPU
		{955E823D-6B1A-4FD3-B237-858EC469307B}.Debug|Any CPU.ActiveCfg = Debug|Any CPU
		{955E823D-6B1A-4FD3-B237-858EC469307B}.Debug|Any CPU.Build.0 = Debug|Any CPU
		{955E823D-6B1A-4FD3-B237-858EC469307B}.Release|Any CPU.ActiveCfg = Release|Any CPU
		{955E823D-6B1A-4FD3-B237-858EC469307B}.Release|Any CPU.Build.0 = Release|Any CPU
		{E6D99893-2458-4B3D-8E2B-8185FCC77F43}.Debug|Any CPU.ActiveCfg = Debug|Any CPU
		{E6D99893-2458-4B3D-8E2B-8185FCC77F43}.Debug|Any CPU.Build.0 = Debug|Any CPU
		{E6D99893-2458-4B3D-8E2B-8185FCC77F43}.Release|Any CPU.ActiveCfg = Release|Any CPU
		{E6D99893-2458-4B3D-8E2B-8185FCC77F43}.Release|Any CPU.Build.0 = Release|Any CPU
		{4275FC5B-FEDC-43DF-85D1-6B95E9359F2B}.Debug|Any CPU.ActiveCfg = Debug|Any CPU
		{4275FC5B-FEDC-43DF-85D1-6B95E9359F2B}.Debug|Any CPU.Build.0 = Debug|Any CPU
		{4275FC5B-FEDC-43DF-85D1-6B95E9359F2B}.Release|Any CPU.ActiveCfg = Release|Any CPU
		{4275FC5B-FEDC-43DF-85D1-6B95E9359F2B}.Release|Any CPU.Build.0 = Release|Any CPU
		{A8CDE9C1-E747-4519-A460-B99A16C2DFD4}.Debug|Any CPU.ActiveCfg = Debug|Any CPU
		{A8CDE9C1-E747-4519-A460-B99A16C2DFD4}.Debug|Any CPU.Build.0 = Debug|Any CPU
		{A8CDE9C1-E747-4519-A460-B99A16C2DFD4}.Release|Any CPU.ActiveCfg = Release|Any CPU
		{A8CDE9C1-E747-4519-A460-B99A16C2DFD4}.Release|Any CPU.Build.0 = Release|Any CPU
	EndGlobalSection
	GlobalSection(SolutionProperties) = preSolution
		HideSolutionNode = FALSE
	EndGlobalSection
	GlobalSection(ExtensibilityGlobals) = postSolution
		SolutionGuid = {28FDB029-A9A3-4065-90B1-0FC6A1CCBFC1}
	EndGlobalSection
	GlobalSection(NestedProjects) = preSolution
		{446FE87C-5122-4344-9DF9-9F641E81A476} = {F315C569-1436-4161-A7BA-60BD073E707C}
		{32EA2985-26C5-44B5-B8C1-46C8D4DA0979} = {9D0E27B6-2F28-481D-B5AA-6F95C22C2530}
		{56F996D1-4DD5-428B-B1FC-4345DF3F7B71} = {9D0E27B6-2F28-481D-B5AA-6F95C22C2530}
		{0A10EA2F-BB40-4DA4-B4B0-9EFC58A58725} = {9D0E27B6-2F28-481D-B5AA-6F95C22C2530}
		{DD496472-FB15-4FFC-86CA-2AC8F0E6CF3C} = {F315C569-1436-4161-A7BA-60BD073E707C}
		{1116A38E-AA67-46E3-9D09-E2DE5C2A694E} = {F315C569-1436-4161-A7BA-60BD073E707C}
		{9C3B117B-5ACB-49C8-B19D-4FCA1CE2BE88} = {F315C569-1436-4161-A7BA-60BD073E707C}
		{A794D19C-AAAD-4228-B9BC-1BCB8944B823} = {5B40454C-F34F-4EC8-80BF-48E4F9DCD4C9}
		{96F065FC-F8ED-49DE-9B17-7F7E2BAC4B53} = {5B40454C-F34F-4EC8-80BF-48E4F9DCD4C9}
		{2969914A-CA35-45C9-B421-EFBB28CC0994} = {5B40454C-F34F-4EC8-80BF-48E4F9DCD4C9}
		{97387893-B985-4FA7-BE27-598C33142963} = {5B40454C-F34F-4EC8-80BF-48E4F9DCD4C9}
		{E2FC3885-5BD4-4E4C-B08A-DEC5A18896DA} = {5B40454C-F34F-4EC8-80BF-48E4F9DCD4C9}
		{3658F2B5-79AE-4062-B061-97940C7C67C2} = {5B40454C-F34F-4EC8-80BF-48E4F9DCD4C9}
		{C080B539-439D-4C9E-BDF4-7578E215F34D} = {62CE6D9C-8204-479F-B8EF-A11609AB4273}
		{B4C6341B-0A12-461D-9E4C-A188D1B770B8} = {62CE6D9C-8204-479F-B8EF-A11609AB4273}
		{A52FAD8F-28B0-4527-9937-AD3885EECCC9} = {62CE6D9C-8204-479F-B8EF-A11609AB4273}
		{710EA881-ACD9-4C06-97E6-6C88E395E821} = {62CE6D9C-8204-479F-B8EF-A11609AB4273}
		{A269B225-3BF3-4407-8F25-402F484B24B5} = {62CE6D9C-8204-479F-B8EF-A11609AB4273}
		{04B42B6E-DD66-49A8-84E8-BB2743293330} = {62CE6D9C-8204-479F-B8EF-A11609AB4273}
		{9A11B5E3-17BF-4B60-9558-E1982C172B25} = {A269B225-3BF3-4407-8F25-402F484B24B5}
		{0DB6D056-EEE8-49E1-8FF5-C6EDCE7C48FC} = {62CE6D9C-8204-479F-B8EF-A11609AB4273}
		{60790AC9-6ADD-444F-A812-22129782FA81} = {62CE6D9C-8204-479F-B8EF-A11609AB4273}
		{CE25B627-6028-438D-B172-D81CE5FEDFB9} = {A269B225-3BF3-4407-8F25-402F484B24B5}
		{31A6B9B2-E1C6-41AC-A753-8A1985842FB6} = {62CE6D9C-8204-479F-B8EF-A11609AB4273}
		{B72FB577-363E-493F-B9C7-66B6DD8720AE} = {F315C569-1436-4161-A7BA-60BD073E707C}
		{A34225E1-5B53-4464-B66C-05F8B0E2BFF0} = {5B40454C-F34F-4EC8-80BF-48E4F9DCD4C9}
		{E866834A-A961-4B15-B138-4F95EE55C194} = {5B40454C-F34F-4EC8-80BF-48E4F9DCD4C9}
		{A6B2CF2B-DF71-4F17-95FA-3E8BCEE3B8AE} = {5B40454C-F34F-4EC8-80BF-48E4F9DCD4C9}
		{955E823D-6B1A-4FD3-B237-858EC469307B} = {5B40454C-F34F-4EC8-80BF-48E4F9DCD4C9}
		{E6D99893-2458-4B3D-8E2B-8185FCC77F43} = {5B40454C-F34F-4EC8-80BF-48E4F9DCD4C9}
		{FA36EC7D-59E3-42E9-9661-4CDEB8206BD1} = {007BE7BC-3F87-486C-9033-172406ED71B3}
		{4275FC5B-FEDC-43DF-85D1-6B95E9359F2B} = {9D0E27B6-2F28-481D-B5AA-6F95C22C2530}
		{A8CDE9C1-E747-4519-A460-B99A16C2DFD4} = {F315C569-1436-4161-A7BA-60BD073E707C}
	EndGlobalSection
EndGlobal
