
Microsoft Visual Studio Solution File, Format Version 12.00
# Visual Studio Version 16
VisualStudioVersion = 16.0.30523.141
MinimumVisualStudioVersion = 10.0.40219.1
Project("{FAE04EC0-301F-11D3-BF4B-00C04F79EFBC}") = "GServer.Services", "GServer.Services\GServer.Services.csproj", "{0A10EA2F-BB40-4DA4-B4B0-9EFC58A58725}"
EndProject
Project("{FAE04EC0-301F-11D3-BF4B-00C04F79EFBC}") = "GServer.Archestra", "GServer.Archestra\GServer.Archestra.csproj", "{32EA2985-26C5-44B5-B8C1-46C8D4DA0979}"
EndProject
Project("{2150E333-8FDC-42A3-9474-1A3956D46DE8}") = "Test.Core", "Test.Core", "{5B40454C-F34F-4EC8-80BF-48E4F9DCD4C9}"
EndProject
Project("{FAE04EC0-301F-11D3-BF4B-00C04F79EFBC}") = "GServer.Host.Archiving", "GServer.Host.Archiving\GServer.Host.Archiving.csproj", "{56F996D1-4DD5-428B-B1FC-4345DF3F7B71}"
EndProject
Project("{2150E333-8FDC-42A3-9474-1A3956D46DE8}") = "Server", "Server", "{9D0E27B6-2F28-481D-B5AA-6F95C22C2530}"
EndProject
Project("{2150E333-8FDC-42A3-9474-1A3956D46DE8}") = "Client", "Client", "{62CE6D9C-8204-479F-B8EF-A11609AB4273}"
EndProject
Project("{2150E333-8FDC-42A3-9474-1A3956D46DE8}") = "Common", "Common", "{F315C569-1436-4161-A7BA-60BD073E707C}"
EndProject
Project("{FAE04EC0-301F-11D3-BF4B-00C04F79EFBC}") = "GCommon.Core", "GCommon.Core\GCommon.Core.csproj", "{446FE87C-5122-4344-9DF9-9F641E81A476}"
EndProject
Project("{FAE04EC0-301F-11D3-BF4B-00C04F79EFBC}") = "GCommon.Data", "GCommon.Data\GCommon.Data.csproj", "{1116A38E-AA67-46E3-9D09-E2DE5C2A694E}"
EndProject
Project("{FAE04EC0-301F-11D3-BF4B-00C04F79EFBC}") = "GServer.Archestra.IntegrationTests", "..\tests\GServer.Archestra.IntegrationTests\GServer.Archestra.IntegrationTests.csproj", "{A794D19C-AAAD-4228-B9BC-1BCB8944B823}"
EndProject
Project("{FAE04EC0-301F-11D3-BF4B-00C04F79EFBC}") = "GTest.ConsoleApp", "..\tests\GTest.ConsoleApp\GTest.ConsoleApp.csproj", "{2969914A-CA35-45C9-B421-EFBB28CC0994}"
EndProject
Project("{FAE04EC0-301F-11D3-BF4B-00C04F79EFBC}") = "GCommon.Data.IntegrationTests", "..\tests\GCommon.Data.IntegrationTests\GCommon.Data.IntegrationTests.csproj", "{3658F2B5-79AE-4062-B061-97940C7C67C2}"
EndProject
Project("{FAE04EC0-301F-11D3-BF4B-00C04F79EFBC}") = "GCommon.Contracts", "GCommon.Contracts\GCommon.Contracts.csproj", "{B72FB577-363E-493F-B9C7-66B6DD8720AE}"
EndProject
Project("{FAE04EC0-301F-11D3-BF4B-00C04F79EFBC}") = "GClient.Proxies", "GClient.Proxies\GClient.Proxies.csproj", "{C080B539-439D-4C9E-BDF4-7578E215F34D}"
EndProject
Project("{FAE04EC0-301F-11D3-BF4B-00C04F79EFBC}") = "GClient.Application", "GClient.Application\GClient.Application.csproj", "{B4C6341B-0A12-461D-9E4C-A188D1B770B8}"
EndProject
Project("{FAE04EC0-301F-11D3-BF4B-00C04F79EFBC}") = "GClient.Core", "GClient.Core\GClient.Core.csproj", "{A52FAD8F-28B0-4527-9937-AD3885EECCC9}"
EndProject
Project("{FAE04EC0-301F-11D3-BF4B-00C04F79EFBC}") = "GClient.Converters", "GClient.Converters\GClient.Converters.csproj", "{710EA881-ACD9-4C06-97E6-6C88E395E821}"
EndProject
Project("{2150E333-8FDC-42A3-9474-1A3956D46DE8}") = "Modules", "Modules", "{A269B225-3BF3-4407-8F25-402F484B24B5}"
EndProject
Project("{FAE04EC0-301F-11D3-BF4B-00C04F79EFBC}") = "GClient.Data", "GClient.Data\GClient.Data.csproj", "{04B42B6E-DD66-49A8-84E8-BB2743293330}"
EndProject
Project("{FAE04EC0-301F-11D3-BF4B-00C04F79EFBC}") = "GClient.Module.Dialogs", "GClient.Module.Dialogs\GClient.Module.Dialogs.csproj", "{9A11B5E3-17BF-4B60-9558-E1982C172B25}"
EndProject
Project("{FAE04EC0-301F-11D3-BF4B-00C04F79EFBC}") = "GClient.Resources", "GClient.Resources\GClient.Resources.csproj", "{0DB6D056-EEE8-49E1-8FF5-C6EDCE7C48FC}"
EndProject
Project("{FAE04EC0-301F-11D3-BF4B-00C04F79EFBC}") = "GClient.Events", "GClient.Events\GClient.Events.csproj", "{60790AC9-6ADD-444F-A812-22129782FA81}"
EndProject
Project("{FAE04EC0-301F-11D3-BF4B-00C04F79EFBC}") = "GClient.Data.Migrator", "GClient.Data.Migrator\GClient.Data.Migrator.csproj", "{FA36EC7D-59E3-42E9-9661-4CDEB8206BD1}"
EndProject
Project("{FAE04EC0-301F-11D3-BF4B-00C04F79EFBC}") = "GClient.Module.Connection", "GClient.Module.Connection\GClient.Module.Connection.csproj", "{CE25B627-6028-438D-B172-D81CE5FEDFB9}"
EndProject
Project("{FAE04EC0-301F-11D3-BF4B-00C04F79EFBC}") = "GClient.Wrappers", "GClient.Wrappers\GClient.Wrappers.csproj", "{31A6B9B2-E1C6-41AC-A753-8A1985842FB6}"
EndProject
Project("{FAE04EC0-301F-11D3-BF4B-00C04F79EFBC}") = "GClient.Converters.UnitTests", "..\tests\GClient.Converters.UnitTests\GClient.Converters.UnitTests.csproj", "{A34225E1-5B53-4464-B66C-05F8B0E2BFF0}"
EndProject
Project("{FAE04EC0-301F-11D3-BF4B-00C04F79EFBC}") = "GClient.Core.UnitTests", "..\tests\GClient.Core.UnitTests\GClient.Core.UnitTests.csproj", "{E866834A-A961-4B15-B138-4F95EE55C194}"
EndProject
Project("{FAE04EC0-301F-11D3-BF4B-00C04F79EFBC}") = "GClient.Data.UnitTests", "..\tests\GClient.Data.UnitTests\GClient.Data.UnitTests.csproj", "{A6B2CF2B-DF71-4F17-95FA-3E8BCEE3B8AE}"
EndProject
Project("{FAE04EC0-301F-11D3-BF4B-00C04F79EFBC}") = "GClient.ViewModel.UnitTests", "..\tests\GClient.ViewModel.UnitTests\GClient.ViewModel.UnitTests.csproj", "{955E823D-6B1A-4FD3-B237-858EC469307B}"
EndProject
Project("{FAE04EC0-301F-11D3-BF4B-00C04F79EFBC}") = "GClient.Wrapper.UnitTests", "..\tests\GClient.Wrapper.UnitTests\GClient.Wrapper.UnitTests.csproj", "{E6D99893-2458-4B3D-8E2B-8185FCC77F43}"
EndProject
Project("{2150E333-8FDC-42A3-9474-1A3956D46DE8}") = "Migrators", "Migrators", "{007BE7BC-3F87-486C-9033-172406ED71B3}"
EndProject
Project("{FAE04EC0-301F-11D3-BF4B-00C04F79EFBC}") = "GServer.Host.Messaging", "GServer.Host.Messaging\GServer.Host.Messaging.csproj", "{4275FC5B-FEDC-43DF-85D1-6B95E9359F2B}"
EndProject
Project("{FAE04EC0-301F-11D3-BF4B-00C04F79EFBC}") = "GCommon.Archiving", "GCommon.Archiving\GCommon.Archiving.csproj", "{15034B13-2AF5-405F-8408-8015BEE53ED3}"
EndProject
Project("{FAE04EC0-301F-11D3-BF4B-00C04F79EFBC}") = "GCommon.Archiving.IntegrationTests", "..\tests\GCommon.Archiving.IntegrationTests\GCommon.Archiving.IntegrationTests.csproj", "{C3CA8F8A-3107-4E77-8C92-42147709BDDF}"
EndProject
Project("{FAE04EC0-301F-11D3-BF4B-00C04F79EFBC}") = "GTest.Core", "..\tests\GTest.Core\GTest.Core.csproj", "{EE1518F0-850E-479C-A01D-92329776F2AD}"
EndProject
Project("{FAE04EC0-301F-11D3-BF4B-00C04F79EFBC}") = "GCommon.Archiving.Migrator", "GCommon.Archiving.Migrator\GCommon.Archiving.Migrator.csproj", "{60753A81-21CA-429E-9917-D5E33FF357B4}"
EndProject
Project("{2150E333-8FDC-42A3-9474-1A3956D46DE8}") = "Test.Integration", "Test.Integration", "{21A3E2BB-E1EC-46E6-83D1-5ACAE5926286}"
EndProject
Project("{2150E333-8FDC-42A3-9474-1A3956D46DE8}") = "Test.Unit", "Test.Unit", "{66C1D8A2-2DFC-4448-B5CF-55BFFB267749}"
EndProject
Project("{FAE04EC0-301F-11D3-BF4B-00C04F79EFBC}") = "GServer.Services.IntegrationTests", "..\tests\GServer.Services.IntegrationTests\GServer.Services.IntegrationTests.csproj", "{9E336386-1B9C-41D5-A8F1-34E018B81F92}"
EndProject
Project("{FAE04EC0-301F-11D3-BF4B-00C04F79EFBC}") = "GCommon.Core.UnitTests", "..\tests\GCommon.Core.UnitTests\GCommon.Core.UnitTests.csproj", "{7DDF0BE7-E429-48EB-BCF5-2787BA5DD821}"
EndProject
Project("{FAE04EC0-301F-11D3-BF4B-00C04F79EFBC}") = "GCommon.Differencing", "GCommon.Differencing\GCommon.Differencing.csproj", "{AE54813C-D492-49CF-99D8-42C22F7A6414}"
EndProject
Project("{FAE04EC0-301F-11D3-BF4B-00C04F79EFBC}") = "GCommon.Differencing.UnitTests", "..\tests\GCommon.Differencing.UnitTests\GCommon.Differencing.UnitTests.csproj", "{35CF01ED-87BE-4970-8614-45FD171E6397}"
EndProject
Project("{FAE04EC0-301F-11D3-BF4B-00C04F79EFBC}") = "GCommon.IO", "GCommon.IO\GCommon.IO.csproj", "{EE98B772-5ED9-433B-A27E-6A80AD0214D4}"
EndProject
Project("{FAE04EC0-301F-11D3-BF4B-00C04F79EFBC}") = "GCommon.Utilities", "GCommon.Utilities\GCommon.Utilities.csproj", "{7DC26DE3-34E1-4617-A64A-66CB181B25D8}"
EndProject
Project("{FAE04EC0-301F-11D3-BF4B-00C04F79EFBC}") = "GCommon.Extensions", "GCommon.Extensions\GCommon.Extensions.csproj", "{DDC09B3F-A3C7-4FDD-AB33-7754EE368A98}"
EndProject
Project("{FAE04EC0-301F-11D3-BF4B-00C04F79EFBC}") = "GCommon.Logging", "GCommon.Logging\GCommon.Logging.csproj", "{A1722552-E4C4-47E9-A0DA-442B109E2676}"
EndProject
Project("{FAE04EC0-301F-11D3-BF4B-00C04F79EFBC}") = "GServer.Archestra.LibraryTests", "..\tests\GServer.Archestra.LibraryTests\GServer.Archestra.LibraryTests.csproj", "{545A1B96-A433-49FD-BFB7-8188A14E6A37}"
EndProject
Project("{FAE04EC0-301F-11D3-BF4B-00C04F79EFBC}") = "GCommon.Extensions.UnitTests", "..\tests\GCommon.Extensions.UnitTests\GCommon.Extensions.UnitTests.csproj", "{83EC11B8-5CF5-47BB-B77A-B9E7DE93D5E9}"
EndProject
Project("{FAE04EC0-301F-11D3-BF4B-00C04F79EFBC}") = "GServer.Archestra.UnitTests", "..\tests\GServer.Archestra.UnitTests\GServer.Archestra.UnitTests.csproj", "{C95B486B-C5F5-460B-807E-A24D11A1AFED}"
EndProject
Global
	GlobalSection(SolutionConfigurationPlatforms) = preSolution
		Debug|Any CPU = Debug|Any CPU
		Release|Any CPU = Release|Any CPU
	EndGlobalSection
	GlobalSection(ProjectConfigurationPlatforms) = postSolution
		{0A10EA2F-BB40-4DA4-B4B0-9EFC58A58725}.Debug|Any CPU.ActiveCfg = Debug|Any CPU
		{0A10EA2F-BB40-4DA4-B4B0-9EFC58A58725}.Debug|Any CPU.Build.0 = Debug|Any CPU
		{0A10EA2F-BB40-4DA4-B4B0-9EFC58A58725}.Release|Any CPU.ActiveCfg = Release|Any CPU
		{0A10EA2F-BB40-4DA4-B4B0-9EFC58A58725}.Release|Any CPU.Build.0 = Release|Any CPU
		{32EA2985-26C5-44B5-B8C1-46C8D4DA0979}.Debug|Any CPU.ActiveCfg = Debug|Any CPU
		{32EA2985-26C5-44B5-B8C1-46C8D4DA0979}.Debug|Any CPU.Build.0 = Debug|Any CPU
		{32EA2985-26C5-44B5-B8C1-46C8D4DA0979}.Release|Any CPU.ActiveCfg = Release|Any CPU
		{32EA2985-26C5-44B5-B8C1-46C8D4DA0979}.Release|Any CPU.Build.0 = Release|Any CPU
		{56F996D1-4DD5-428B-B1FC-4345DF3F7B71}.Debug|Any CPU.ActiveCfg = Debug|Any CPU
		{56F996D1-4DD5-428B-B1FC-4345DF3F7B71}.Debug|Any CPU.Build.0 = Debug|Any CPU
		{56F996D1-4DD5-428B-B1FC-4345DF3F7B71}.Release|Any CPU.ActiveCfg = Release|Any CPU
		{56F996D1-4DD5-428B-B1FC-4345DF3F7B71}.Release|Any CPU.Build.0 = Release|Any CPU
		{446FE87C-5122-4344-9DF9-9F641E81A476}.Debug|Any CPU.ActiveCfg = Debug|Any CPU
		{446FE87C-5122-4344-9DF9-9F641E81A476}.Debug|Any CPU.Build.0 = Debug|Any CPU
		{446FE87C-5122-4344-9DF9-9F641E81A476}.Release|Any CPU.ActiveCfg = Release|Any CPU
		{446FE87C-5122-4344-9DF9-9F641E81A476}.Release|Any CPU.Build.0 = Release|Any CPU
		{1116A38E-AA67-46E3-9D09-E2DE5C2A694E}.Debug|Any CPU.ActiveCfg = Debug|Any CPU
		{1116A38E-AA67-46E3-9D09-E2DE5C2A694E}.Debug|Any CPU.Build.0 = Debug|Any CPU
		{1116A38E-AA67-46E3-9D09-E2DE5C2A694E}.Release|Any CPU.ActiveCfg = Release|Any CPU
		{1116A38E-AA67-46E3-9D09-E2DE5C2A694E}.Release|Any CPU.Build.0 = Release|Any CPU
		{A794D19C-AAAD-4228-B9BC-1BCB8944B823}.Debug|Any CPU.ActiveCfg = Debug|Any CPU
		{A794D19C-AAAD-4228-B9BC-1BCB8944B823}.Debug|Any CPU.Build.0 = Debug|Any CPU
		{A794D19C-AAAD-4228-B9BC-1BCB8944B823}.Release|Any CPU.ActiveCfg = Release|Any CPU
		{A794D19C-AAAD-4228-B9BC-1BCB8944B823}.Release|Any CPU.Build.0 = Release|Any CPU
		{2969914A-CA35-45C9-B421-EFBB28CC0994}.Debug|Any CPU.ActiveCfg = Debug|Any CPU
		{2969914A-CA35-45C9-B421-EFBB28CC0994}.Debug|Any CPU.Build.0 = Debug|Any CPU
		{2969914A-CA35-45C9-B421-EFBB28CC0994}.Release|Any CPU.ActiveCfg = Release|Any CPU
		{2969914A-CA35-45C9-B421-EFBB28CC0994}.Release|Any CPU.Build.0 = Release|Any CPU
		{3658F2B5-79AE-4062-B061-97940C7C67C2}.Debug|Any CPU.ActiveCfg = Debug|Any CPU
		{3658F2B5-79AE-4062-B061-97940C7C67C2}.Debug|Any CPU.Build.0 = Debug|Any CPU
		{3658F2B5-79AE-4062-B061-97940C7C67C2}.Release|Any CPU.ActiveCfg = Release|Any CPU
		{3658F2B5-79AE-4062-B061-97940C7C67C2}.Release|Any CPU.Build.0 = Release|Any CPU
		{B72FB577-363E-493F-B9C7-66B6DD8720AE}.Debug|Any CPU.ActiveCfg = Debug|Any CPU
		{B72FB577-363E-493F-B9C7-66B6DD8720AE}.Debug|Any CPU.Build.0 = Debug|Any CPU
		{B72FB577-363E-493F-B9C7-66B6DD8720AE}.Release|Any CPU.ActiveCfg = Release|Any CPU
		{B72FB577-363E-493F-B9C7-66B6DD8720AE}.Release|Any CPU.Build.0 = Release|Any CPU
		{C080B539-439D-4C9E-BDF4-7578E215F34D}.Debug|Any CPU.ActiveCfg = Debug|Any CPU
		{C080B539-439D-4C9E-BDF4-7578E215F34D}.Debug|Any CPU.Build.0 = Debug|Any CPU
		{C080B539-439D-4C9E-BDF4-7578E215F34D}.Release|Any CPU.ActiveCfg = Release|Any CPU
		{C080B539-439D-4C9E-BDF4-7578E215F34D}.Release|Any CPU.Build.0 = Release|Any CPU
		{B4C6341B-0A12-461D-9E4C-A188D1B770B8}.Debug|Any CPU.ActiveCfg = Debug|Any CPU
		{B4C6341B-0A12-461D-9E4C-A188D1B770B8}.Debug|Any CPU.Build.0 = Debug|Any CPU
		{B4C6341B-0A12-461D-9E4C-A188D1B770B8}.Release|Any CPU.ActiveCfg = Release|Any CPU
		{B4C6341B-0A12-461D-9E4C-A188D1B770B8}.Release|Any CPU.Build.0 = Release|Any CPU
		{A52FAD8F-28B0-4527-9937-AD3885EECCC9}.Debug|Any CPU.ActiveCfg = Debug|Any CPU
		{A52FAD8F-28B0-4527-9937-AD3885EECCC9}.Debug|Any CPU.Build.0 = Debug|Any CPU
		{A52FAD8F-28B0-4527-9937-AD3885EECCC9}.Release|Any CPU.ActiveCfg = Release|Any CPU
		{A52FAD8F-28B0-4527-9937-AD3885EECCC9}.Release|Any CPU.Build.0 = Release|Any CPU
		{710EA881-ACD9-4C06-97E6-6C88E395E821}.Debug|Any CPU.ActiveCfg = Debug|Any CPU
		{710EA881-ACD9-4C06-97E6-6C88E395E821}.Debug|Any CPU.Build.0 = Debug|Any CPU
		{710EA881-ACD9-4C06-97E6-6C88E395E821}.Release|Any CPU.ActiveCfg = Release|Any CPU
		{710EA881-ACD9-4C06-97E6-6C88E395E821}.Release|Any CPU.Build.0 = Release|Any CPU
		{04B42B6E-DD66-49A8-84E8-BB2743293330}.Debug|Any CPU.ActiveCfg = Debug|Any CPU
		{04B42B6E-DD66-49A8-84E8-BB2743293330}.Debug|Any CPU.Build.0 = Debug|Any CPU
		{04B42B6E-DD66-49A8-84E8-BB2743293330}.Release|Any CPU.ActiveCfg = Release|Any CPU
		{04B42B6E-DD66-49A8-84E8-BB2743293330}.Release|Any CPU.Build.0 = Release|Any CPU
		{9A11B5E3-17BF-4B60-9558-E1982C172B25}.Debug|Any CPU.ActiveCfg = Debug|Any CPU
		{9A11B5E3-17BF-4B60-9558-E1982C172B25}.Debug|Any CPU.Build.0 = Debug|Any CPU
		{9A11B5E3-17BF-4B60-9558-E1982C172B25}.Release|Any CPU.ActiveCfg = Release|Any CPU
		{9A11B5E3-17BF-4B60-9558-E1982C172B25}.Release|Any CPU.Build.0 = Release|Any CPU
		{0DB6D056-EEE8-49E1-8FF5-C6EDCE7C48FC}.Debug|Any CPU.ActiveCfg = Debug|Any CPU
		{0DB6D056-EEE8-49E1-8FF5-C6EDCE7C48FC}.Debug|Any CPU.Build.0 = Debug|Any CPU
		{0DB6D056-EEE8-49E1-8FF5-C6EDCE7C48FC}.Release|Any CPU.ActiveCfg = Release|Any CPU
		{0DB6D056-EEE8-49E1-8FF5-C6EDCE7C48FC}.Release|Any CPU.Build.0 = Release|Any CPU
		{60790AC9-6ADD-444F-A812-22129782FA81}.Debug|Any CPU.ActiveCfg = Debug|Any CPU
		{60790AC9-6ADD-444F-A812-22129782FA81}.Debug|Any CPU.Build.0 = Debug|Any CPU
		{60790AC9-6ADD-444F-A812-22129782FA81}.Release|Any CPU.ActiveCfg = Release|Any CPU
		{60790AC9-6ADD-444F-A812-22129782FA81}.Release|Any CPU.Build.0 = Release|Any CPU
		{FA36EC7D-59E3-42E9-9661-4CDEB8206BD1}.Debug|Any CPU.ActiveCfg = Debug|Any CPU
		{FA36EC7D-59E3-42E9-9661-4CDEB8206BD1}.Debug|Any CPU.Build.0 = Debug|Any CPU
		{FA36EC7D-59E3-42E9-9661-4CDEB8206BD1}.Release|Any CPU.ActiveCfg = Release|Any CPU
		{FA36EC7D-59E3-42E9-9661-4CDEB8206BD1}.Release|Any CPU.Build.0 = Release|Any CPU
		{CE25B627-6028-438D-B172-D81CE5FEDFB9}.Debug|Any CPU.ActiveCfg = Debug|Any CPU
		{CE25B627-6028-438D-B172-D81CE5FEDFB9}.Debug|Any CPU.Build.0 = Debug|Any CPU
		{CE25B627-6028-438D-B172-D81CE5FEDFB9}.Release|Any CPU.ActiveCfg = Release|Any CPU
		{CE25B627-6028-438D-B172-D81CE5FEDFB9}.Release|Any CPU.Build.0 = Release|Any CPU
		{31A6B9B2-E1C6-41AC-A753-8A1985842FB6}.Debug|Any CPU.ActiveCfg = Debug|Any CPU
		{31A6B9B2-E1C6-41AC-A753-8A1985842FB6}.Debug|Any CPU.Build.0 = Debug|Any CPU
		{31A6B9B2-E1C6-41AC-A753-8A1985842FB6}.Release|Any CPU.ActiveCfg = Release|Any CPU
		{31A6B9B2-E1C6-41AC-A753-8A1985842FB6}.Release|Any CPU.Build.0 = Release|Any CPU
		{A34225E1-5B53-4464-B66C-05F8B0E2BFF0}.Debug|Any CPU.ActiveCfg = Debug|Any CPU
		{A34225E1-5B53-4464-B66C-05F8B0E2BFF0}.Debug|Any CPU.Build.0 = Debug|Any CPU
		{A34225E1-5B53-4464-B66C-05F8B0E2BFF0}.Release|Any CPU.ActiveCfg = Release|Any CPU
		{A34225E1-5B53-4464-B66C-05F8B0E2BFF0}.Release|Any CPU.Build.0 = Release|Any CPU
		{E866834A-A961-4B15-B138-4F95EE55C194}.Debug|Any CPU.ActiveCfg = Debug|Any CPU
		{E866834A-A961-4B15-B138-4F95EE55C194}.Debug|Any CPU.Build.0 = Debug|Any CPU
		{E866834A-A961-4B15-B138-4F95EE55C194}.Release|Any CPU.ActiveCfg = Release|Any CPU
		{E866834A-A961-4B15-B138-4F95EE55C194}.Release|Any CPU.Build.0 = Release|Any CPU
		{A6B2CF2B-DF71-4F17-95FA-3E8BCEE3B8AE}.Debug|Any CPU.ActiveCfg = Debug|Any CPU
		{A6B2CF2B-DF71-4F17-95FA-3E8BCEE3B8AE}.Debug|Any CPU.Build.0 = Debug|Any CPU
		{A6B2CF2B-DF71-4F17-95FA-3E8BCEE3B8AE}.Release|Any CPU.ActiveCfg = Release|Any CPU
		{A6B2CF2B-DF71-4F17-95FA-3E8BCEE3B8AE}.Release|Any CPU.Build.0 = Release|Any CPU
		{955E823D-6B1A-4FD3-B237-858EC469307B}.Debug|Any CPU.ActiveCfg = Debug|Any CPU
		{955E823D-6B1A-4FD3-B237-858EC469307B}.Debug|Any CPU.Build.0 = Debug|Any CPU
		{955E823D-6B1A-4FD3-B237-858EC469307B}.Release|Any CPU.ActiveCfg = Release|Any CPU
		{955E823D-6B1A-4FD3-B237-858EC469307B}.Release|Any CPU.Build.0 = Release|Any CPU
		{E6D99893-2458-4B3D-8E2B-8185FCC77F43}.Debug|Any CPU.ActiveCfg = Debug|Any CPU
		{E6D99893-2458-4B3D-8E2B-8185FCC77F43}.Debug|Any CPU.Build.0 = Debug|Any CPU
		{E6D99893-2458-4B3D-8E2B-8185FCC77F43}.Release|Any CPU.ActiveCfg = Release|Any CPU
		{E6D99893-2458-4B3D-8E2B-8185FCC77F43}.Release|Any CPU.Build.0 = Release|Any CPU
		{4275FC5B-FEDC-43DF-85D1-6B95E9359F2B}.Debug|Any CPU.ActiveCfg = Debug|Any CPU
		{4275FC5B-FEDC-43DF-85D1-6B95E9359F2B}.Debug|Any CPU.Build.0 = Debug|Any CPU
		{4275FC5B-FEDC-43DF-85D1-6B95E9359F2B}.Release|Any CPU.ActiveCfg = Release|Any CPU
		{4275FC5B-FEDC-43DF-85D1-6B95E9359F2B}.Release|Any CPU.Build.0 = Release|Any CPU
		{15034B13-2AF5-405F-8408-8015BEE53ED3}.Debug|Any CPU.ActiveCfg = Debug|Any CPU
		{15034B13-2AF5-405F-8408-8015BEE53ED3}.Debug|Any CPU.Build.0 = Debug|Any CPU
		{15034B13-2AF5-405F-8408-8015BEE53ED3}.Release|Any CPU.ActiveCfg = Release|Any CPU
		{15034B13-2AF5-405F-8408-8015BEE53ED3}.Release|Any CPU.Build.0 = Release|Any CPU
		{C3CA8F8A-3107-4E77-8C92-42147709BDDF}.Debug|Any CPU.ActiveCfg = Debug|Any CPU
		{C3CA8F8A-3107-4E77-8C92-42147709BDDF}.Debug|Any CPU.Build.0 = Debug|Any CPU
		{C3CA8F8A-3107-4E77-8C92-42147709BDDF}.Release|Any CPU.ActiveCfg = Release|Any CPU
		{C3CA8F8A-3107-4E77-8C92-42147709BDDF}.Release|Any CPU.Build.0 = Release|Any CPU
		{EE1518F0-850E-479C-A01D-92329776F2AD}.Debug|Any CPU.ActiveCfg = Debug|Any CPU
		{EE1518F0-850E-479C-A01D-92329776F2AD}.Debug|Any CPU.Build.0 = Debug|Any CPU
		{EE1518F0-850E-479C-A01D-92329776F2AD}.Release|Any CPU.ActiveCfg = Release|Any CPU
		{EE1518F0-850E-479C-A01D-92329776F2AD}.Release|Any CPU.Build.0 = Release|Any CPU
		{60753A81-21CA-429E-9917-D5E33FF357B4}.Debug|Any CPU.ActiveCfg = Debug|Any CPU
		{60753A81-21CA-429E-9917-D5E33FF357B4}.Debug|Any CPU.Build.0 = Debug|Any CPU
		{60753A81-21CA-429E-9917-D5E33FF357B4}.Release|Any CPU.ActiveCfg = Release|Any CPU
		{60753A81-21CA-429E-9917-D5E33FF357B4}.Release|Any CPU.Build.0 = Release|Any CPU
		{9E336386-1B9C-41D5-A8F1-34E018B81F92}.Debug|Any CPU.ActiveCfg = Debug|Any CPU
		{9E336386-1B9C-41D5-A8F1-34E018B81F92}.Debug|Any CPU.Build.0 = Debug|Any CPU
		{9E336386-1B9C-41D5-A8F1-34E018B81F92}.Release|Any CPU.ActiveCfg = Release|Any CPU
		{9E336386-1B9C-41D5-A8F1-34E018B81F92}.Release|Any CPU.Build.0 = Release|Any CPU
		{7DDF0BE7-E429-48EB-BCF5-2787BA5DD821}.Debug|Any CPU.ActiveCfg = Debug|Any CPU
		{7DDF0BE7-E429-48EB-BCF5-2787BA5DD821}.Debug|Any CPU.Build.0 = Debug|Any CPU
		{7DDF0BE7-E429-48EB-BCF5-2787BA5DD821}.Release|Any CPU.ActiveCfg = Release|Any CPU
		{7DDF0BE7-E429-48EB-BCF5-2787BA5DD821}.Release|Any CPU.Build.0 = Release|Any CPU
		{AE54813C-D492-49CF-99D8-42C22F7A6414}.Debug|Any CPU.ActiveCfg = Debug|Any CPU
		{AE54813C-D492-49CF-99D8-42C22F7A6414}.Debug|Any CPU.Build.0 = Debug|Any CPU
		{AE54813C-D492-49CF-99D8-42C22F7A6414}.Release|Any CPU.ActiveCfg = Release|Any CPU
		{AE54813C-D492-49CF-99D8-42C22F7A6414}.Release|Any CPU.Build.0 = Release|Any CPU
		{35CF01ED-87BE-4970-8614-45FD171E6397}.Debug|Any CPU.ActiveCfg = Debug|Any CPU
		{35CF01ED-87BE-4970-8614-45FD171E6397}.Debug|Any CPU.Build.0 = Debug|Any CPU
		{35CF01ED-87BE-4970-8614-45FD171E6397}.Release|Any CPU.ActiveCfg = Release|Any CPU
		{35CF01ED-87BE-4970-8614-45FD171E6397}.Release|Any CPU.Build.0 = Release|Any CPU
		{EE98B772-5ED9-433B-A27E-6A80AD0214D4}.Debug|Any CPU.ActiveCfg = Debug|Any CPU
		{EE98B772-5ED9-433B-A27E-6A80AD0214D4}.Debug|Any CPU.Build.0 = Debug|Any CPU
		{EE98B772-5ED9-433B-A27E-6A80AD0214D4}.Release|Any CPU.ActiveCfg = Release|Any CPU
		{EE98B772-5ED9-433B-A27E-6A80AD0214D4}.Release|Any CPU.Build.0 = Release|Any CPU
		{7DC26DE3-34E1-4617-A64A-66CB181B25D8}.Debug|Any CPU.ActiveCfg = Debug|Any CPU
		{7DC26DE3-34E1-4617-A64A-66CB181B25D8}.Debug|Any CPU.Build.0 = Debug|Any CPU
		{7DC26DE3-34E1-4617-A64A-66CB181B25D8}.Release|Any CPU.ActiveCfg = Release|Any CPU
		{7DC26DE3-34E1-4617-A64A-66CB181B25D8}.Release|Any CPU.Build.0 = Release|Any CPU
		{DDC09B3F-A3C7-4FDD-AB33-7754EE368A98}.Debug|Any CPU.ActiveCfg = Debug|Any CPU
		{DDC09B3F-A3C7-4FDD-AB33-7754EE368A98}.Debug|Any CPU.Build.0 = Debug|Any CPU
		{DDC09B3F-A3C7-4FDD-AB33-7754EE368A98}.Release|Any CPU.ActiveCfg = Release|Any CPU
		{DDC09B3F-A3C7-4FDD-AB33-7754EE368A98}.Release|Any CPU.Build.0 = Release|Any CPU
		{A1722552-E4C4-47E9-A0DA-442B109E2676}.Debug|Any CPU.ActiveCfg = Debug|Any CPU
		{A1722552-E4C4-47E9-A0DA-442B109E2676}.Debug|Any CPU.Build.0 = Debug|Any CPU
		{A1722552-E4C4-47E9-A0DA-442B109E2676}.Release|Any CPU.ActiveCfg = Release|Any CPU
		{A1722552-E4C4-47E9-A0DA-442B109E2676}.Release|Any CPU.Build.0 = Release|Any CPU
		{545A1B96-A433-49FD-BFB7-8188A14E6A37}.Debug|Any CPU.ActiveCfg = Debug|Any CPU
		{545A1B96-A433-49FD-BFB7-8188A14E6A37}.Debug|Any CPU.Build.0 = Debug|Any CPU
		{545A1B96-A433-49FD-BFB7-8188A14E6A37}.Release|Any CPU.ActiveCfg = Release|Any CPU
		{545A1B96-A433-49FD-BFB7-8188A14E6A37}.Release|Any CPU.Build.0 = Release|Any CPU
		{83EC11B8-5CF5-47BB-B77A-B9E7DE93D5E9}.Debug|Any CPU.ActiveCfg = Debug|Any CPU
		{83EC11B8-5CF5-47BB-B77A-B9E7DE93D5E9}.Debug|Any CPU.Build.0 = Debug|Any CPU
		{83EC11B8-5CF5-47BB-B77A-B9E7DE93D5E9}.Release|Any CPU.ActiveCfg = Release|Any CPU
		{83EC11B8-5CF5-47BB-B77A-B9E7DE93D5E9}.Release|Any CPU.Build.0 = Release|Any CPU
		{C95B486B-C5F5-460B-807E-A24D11A1AFED}.Debug|Any CPU.ActiveCfg = Debug|Any CPU
		{C95B486B-C5F5-460B-807E-A24D11A1AFED}.Debug|Any CPU.Build.0 = Debug|Any CPU
		{C95B486B-C5F5-460B-807E-A24D11A1AFED}.Release|Any CPU.ActiveCfg = Release|Any CPU
		{C95B486B-C5F5-460B-807E-A24D11A1AFED}.Release|Any CPU.Build.0 = Release|Any CPU
	EndGlobalSection
	GlobalSection(SolutionProperties) = preSolution
		HideSolutionNode = FALSE
	EndGlobalSection
	GlobalSection(ExtensibilityGlobals) = postSolution
		SolutionGuid = {28FDB029-A9A3-4065-90B1-0FC6A1CCBFC1}
	EndGlobalSection
	GlobalSection(NestedProjects) = preSolution
		{446FE87C-5122-4344-9DF9-9F641E81A476} = {F315C569-1436-4161-A7BA-60BD073E707C}
		{32EA2985-26C5-44B5-B8C1-46C8D4DA0979} = {9D0E27B6-2F28-481D-B5AA-6F95C22C2530}
		{56F996D1-4DD5-428B-B1FC-4345DF3F7B71} = {9D0E27B6-2F28-481D-B5AA-6F95C22C2530}
		{0A10EA2F-BB40-4DA4-B4B0-9EFC58A58725} = {9D0E27B6-2F28-481D-B5AA-6F95C22C2530}
		{1116A38E-AA67-46E3-9D09-E2DE5C2A694E} = {F315C569-1436-4161-A7BA-60BD073E707C}
		{2969914A-CA35-45C9-B421-EFBB28CC0994} = {5B40454C-F34F-4EC8-80BF-48E4F9DCD4C9}
		{C080B539-439D-4C9E-BDF4-7578E215F34D} = {62CE6D9C-8204-479F-B8EF-A11609AB4273}
		{B4C6341B-0A12-461D-9E4C-A188D1B770B8} = {62CE6D9C-8204-479F-B8EF-A11609AB4273}
		{A52FAD8F-28B0-4527-9937-AD3885EECCC9} = {62CE6D9C-8204-479F-B8EF-A11609AB4273}
		{710EA881-ACD9-4C06-97E6-6C88E395E821} = {62CE6D9C-8204-479F-B8EF-A11609AB4273}
		{A269B225-3BF3-4407-8F25-402F484B24B5} = {62CE6D9C-8204-479F-B8EF-A11609AB4273}
		{04B42B6E-DD66-49A8-84E8-BB2743293330} = {62CE6D9C-8204-479F-B8EF-A11609AB4273}
		{9A11B5E3-17BF-4B60-9558-E1982C172B25} = {A269B225-3BF3-4407-8F25-402F484B24B5}
		{0DB6D056-EEE8-49E1-8FF5-C6EDCE7C48FC} = {62CE6D9C-8204-479F-B8EF-A11609AB4273}
		{60790AC9-6ADD-444F-A812-22129782FA81} = {62CE6D9C-8204-479F-B8EF-A11609AB4273}
		{CE25B627-6028-438D-B172-D81CE5FEDFB9} = {A269B225-3BF3-4407-8F25-402F484B24B5}
		{31A6B9B2-E1C6-41AC-A753-8A1985842FB6} = {62CE6D9C-8204-479F-B8EF-A11609AB4273}
		{B72FB577-363E-493F-B9C7-66B6DD8720AE} = {F315C569-1436-4161-A7BA-60BD073E707C}
		{FA36EC7D-59E3-42E9-9661-4CDEB8206BD1} = {007BE7BC-3F87-486C-9033-172406ED71B3}
		{4275FC5B-FEDC-43DF-85D1-6B95E9359F2B} = {9D0E27B6-2F28-481D-B5AA-6F95C22C2530}
		{15034B13-2AF5-405F-8408-8015BEE53ED3} = {F315C569-1436-4161-A7BA-60BD073E707C}
		{EE1518F0-850E-479C-A01D-92329776F2AD} = {5B40454C-F34F-4EC8-80BF-48E4F9DCD4C9}
		{60753A81-21CA-429E-9917-D5E33FF357B4} = {007BE7BC-3F87-486C-9033-172406ED71B3}
		{A794D19C-AAAD-4228-B9BC-1BCB8944B823} = {21A3E2BB-E1EC-46E6-83D1-5ACAE5926286}
		{C3CA8F8A-3107-4E77-8C92-42147709BDDF} = {21A3E2BB-E1EC-46E6-83D1-5ACAE5926286}
		{3658F2B5-79AE-4062-B061-97940C7C67C2} = {21A3E2BB-E1EC-46E6-83D1-5ACAE5926286}
		{E6D99893-2458-4B3D-8E2B-8185FCC77F43} = {66C1D8A2-2DFC-4448-B5CF-55BFFB267749}
		{955E823D-6B1A-4FD3-B237-858EC469307B} = {66C1D8A2-2DFC-4448-B5CF-55BFFB267749}
		{A6B2CF2B-DF71-4F17-95FA-3E8BCEE3B8AE} = {66C1D8A2-2DFC-4448-B5CF-55BFFB267749}
		{A34225E1-5B53-4464-B66C-05F8B0E2BFF0} = {66C1D8A2-2DFC-4448-B5CF-55BFFB267749}
		{E866834A-A961-4B15-B138-4F95EE55C194} = {66C1D8A2-2DFC-4448-B5CF-55BFFB267749}
		{9E336386-1B9C-41D5-A8F1-34E018B81F92} = {21A3E2BB-E1EC-46E6-83D1-5ACAE5926286}
		{7DDF0BE7-E429-48EB-BCF5-2787BA5DD821} = {66C1D8A2-2DFC-4448-B5CF-55BFFB267749}
		{AE54813C-D492-49CF-99D8-42C22F7A6414} = {F315C569-1436-4161-A7BA-60BD073E707C}
		{35CF01ED-87BE-4970-8614-45FD171E6397} = {66C1D8A2-2DFC-4448-B5CF-55BFFB267749}
		{EE98B772-5ED9-433B-A27E-6A80AD0214D4} = {F315C569-1436-4161-A7BA-60BD073E707C}
		{7DC26DE3-34E1-4617-A64A-66CB181B25D8} = {F315C569-1436-4161-A7BA-60BD073E707C}
		{DDC09B3F-A3C7-4FDD-AB33-7754EE368A98} = {F315C569-1436-4161-A7BA-60BD073E707C}
		{A1722552-E4C4-47E9-A0DA-442B109E2676} = {F315C569-1436-4161-A7BA-60BD073E707C}
		{545A1B96-A433-49FD-BFB7-8188A14E6A37} = {21A3E2BB-E1EC-46E6-83D1-5ACAE5926286}
		{83EC11B8-5CF5-47BB-B77A-B9E7DE93D5E9} = {66C1D8A2-2DFC-4448-B5CF-55BFFB267749}
		{C95B486B-C5F5-460B-807E-A24D11A1AFED} = {66C1D8A2-2DFC-4448-B5CF-55BFFB267749}
	EndGlobalSection
EndGlobal
