
Microsoft Visual Studio Solution File, Format Version 12.00
# Visual Studio Version 16
VisualStudioVersion = 16.0.30523.141
MinimumVisualStudioVersion = 10.0.40219.1
Project("{FAE04EC0-301F-11D3-BF4B-00C04F79EFBC}") = "GalaxyMerge.Contracts", "GalaxyMerge.Contracts\GalaxyMerge.Contracts.csproj", "{A1DE5D14-C80E-4F06-AF43-A0A7B3B24072}"
EndProject
Project("{FAE04EC0-301F-11D3-BF4B-00C04F79EFBC}") = "GalaxyMerge.IO", "GalaxyMerge.IO\GalaxyMerge.IO.csproj", "{9C3B117B-5ACB-49C8-B19D-4FCA1CE2BE88}"
EndProject
Project("{FAE04EC0-301F-11D3-BF4B-00C04F79EFBC}") = "GalaxyMerge.Services", "GalaxyMerge.Services\GalaxyMerge.Services.csproj", "{0A10EA2F-BB40-4DA4-B4B0-9EFC58A58725}"
EndProject
Project("{FAE04EC0-301F-11D3-BF4B-00C04F79EFBC}") = "GalaxyMerge.Archestra", "GalaxyMerge.Archestra\GalaxyMerge.Archestra.csproj", "{32EA2985-26C5-44B5-B8C1-46C8D4DA0979}"
EndProject
Project("{2150E333-8FDC-42A3-9474-1A3956D46DE8}") = "Testing", "Testing", "{5B40454C-F34F-4EC8-80BF-48E4F9DCD4C9}"
EndProject
Project("{FAE04EC0-301F-11D3-BF4B-00C04F79EFBC}") = "GalaxyMerge.Host", "GalaxyMerge.Host\GalaxyMerge.Host.csproj", "{56F996D1-4DD5-428B-B1FC-4345DF3F7B71}"
EndProject
Project("{FAE04EC0-301F-11D3-BF4B-00C04F79EFBC}") = "GalaxyMerge.Archive", "GalaxyMerge.Archive\GalaxyMerge.Archive.csproj", "{A5993BFF-2469-4B9D-A4CD-BE795A13D4F6}"
EndProject
Project("{2150E333-8FDC-42A3-9474-1A3956D46DE8}") = "Server", "Server", "{9D0E27B6-2F28-481D-B5AA-6F95C22C2530}"
EndProject
Project("{2150E333-8FDC-42A3-9474-1A3956D46DE8}") = "Client", "Client", "{62CE6D9C-8204-479F-B8EF-A11609AB4273}"
EndProject
Project("{2150E333-8FDC-42A3-9474-1A3956D46DE8}") = "Shared", "Shared", "{F315C569-1436-4161-A7BA-60BD073E707C}"
EndProject
Project("{FAE04EC0-301F-11D3-BF4B-00C04F79EFBC}") = "GalaxyMerge.Common", "GalaxyMerge.Common\GalaxyMerge.Common.csproj", "{446FE87C-5122-4344-9DF9-9F641E81A476}"
EndProject
Project("{FAE04EC0-301F-11D3-BF4B-00C04F79EFBC}") = "GalaxyMerge.Core", "GalaxyMerge.Core\GalaxyMerge.Core.csproj", "{DD496472-FB15-4FFC-86CA-2AC8F0E6CF3C}"
EndProject
Project("{FAE04EC0-301F-11D3-BF4B-00C04F79EFBC}") = "GalaxyMerge.Data", "GalaxyMerge.Data\GalaxyMerge.Data.csproj", "{1116A38E-AA67-46E3-9D09-E2DE5C2A694E}"
EndProject
Project("{FAE04EC0-301F-11D3-BF4B-00C04F79EFBC}") = "GalaxyMerge.Archestra.Tests", "..\tests\GalaxyMerge.Archestra.Tests\GalaxyMerge.Archestra.Tests.csproj", "{A794D19C-AAAD-4228-B9BC-1BCB8944B823}"
EndProject
Project("{FAE04EC0-301F-11D3-BF4B-00C04F79EFBC}") = "GalaxyMerge.Archive.Tests", "..\tests\GalaxyMerge.Archive.Tests\GalaxyMerge.Archive.Tests.csproj", "{96F065FC-F8ED-49DE-9B17-7F7E2BAC4B53}"
EndProject
Project("{FAE04EC0-301F-11D3-BF4B-00C04F79EFBC}") = "TestConsole", "..\tests\TestConsole\TestConsole.csproj", "{2969914A-CA35-45C9-B421-EFBB28CC0994}"
EndProject
Project("{FAE04EC0-301F-11D3-BF4B-00C04F79EFBC}") = "GalaxyMerge.Testing", "..\tests\GalaxyMerge.Testing\GalaxyMerge.Testing.csproj", "{97387893-B985-4FA7-BE27-598C33142963}"
EndProject
Project("{FAE04EC0-301F-11D3-BF4B-00C04F79EFBC}") = "GalaxyMerge.Services.Tests", "..\tests\GalaxyMerge.Services.Tests\GalaxyMerge.Services.Tests.csproj", "{E2FC3885-5BD4-4E4C-B08A-DEC5A18896DA}"
EndProject
Global
	GlobalSection(SolutionConfigurationPlatforms) = preSolution
		Debug|Any CPU = Debug|Any CPU
		Release|Any CPU = Release|Any CPU
	EndGlobalSection
	GlobalSection(ProjectConfigurationPlatforms) = postSolution
		{A1DE5D14-C80E-4F06-AF43-A0A7B3B24072}.Debug|Any CPU.ActiveCfg = Debug|Any CPU
		{A1DE5D14-C80E-4F06-AF43-A0A7B3B24072}.Debug|Any CPU.Build.0 = Debug|Any CPU
		{A1DE5D14-C80E-4F06-AF43-A0A7B3B24072}.Release|Any CPU.ActiveCfg = Release|Any CPU
		{A1DE5D14-C80E-4F06-AF43-A0A7B3B24072}.Release|Any CPU.Build.0 = Release|Any CPU
		{9C3B117B-5ACB-49C8-B19D-4FCA1CE2BE88}.Debug|Any CPU.ActiveCfg = Debug|Any CPU
		{9C3B117B-5ACB-49C8-B19D-4FCA1CE2BE88}.Debug|Any CPU.Build.0 = Debug|Any CPU
		{9C3B117B-5ACB-49C8-B19D-4FCA1CE2BE88}.Release|Any CPU.ActiveCfg = Release|Any CPU
		{9C3B117B-5ACB-49C8-B19D-4FCA1CE2BE88}.Release|Any CPU.Build.0 = Release|Any CPU
		{0A10EA2F-BB40-4DA4-B4B0-9EFC58A58725}.Debug|Any CPU.ActiveCfg = Debug|Any CPU
		{0A10EA2F-BB40-4DA4-B4B0-9EFC58A58725}.Debug|Any CPU.Build.0 = Debug|Any CPU
		{0A10EA2F-BB40-4DA4-B4B0-9EFC58A58725}.Release|Any CPU.ActiveCfg = Release|Any CPU
		{0A10EA2F-BB40-4DA4-B4B0-9EFC58A58725}.Release|Any CPU.Build.0 = Release|Any CPU
		{32EA2985-26C5-44B5-B8C1-46C8D4DA0979}.Debug|Any CPU.ActiveCfg = Debug|Any CPU
		{32EA2985-26C5-44B5-B8C1-46C8D4DA0979}.Debug|Any CPU.Build.0 = Debug|Any CPU
		{32EA2985-26C5-44B5-B8C1-46C8D4DA0979}.Release|Any CPU.ActiveCfg = Release|Any CPU
		{32EA2985-26C5-44B5-B8C1-46C8D4DA0979}.Release|Any CPU.Build.0 = Release|Any CPU
		{56F996D1-4DD5-428B-B1FC-4345DF3F7B71}.Debug|Any CPU.ActiveCfg = Debug|Any CPU
		{56F996D1-4DD5-428B-B1FC-4345DF3F7B71}.Debug|Any CPU.Build.0 = Debug|Any CPU
		{56F996D1-4DD5-428B-B1FC-4345DF3F7B71}.Release|Any CPU.ActiveCfg = Release|Any CPU
		{56F996D1-4DD5-428B-B1FC-4345DF3F7B71}.Release|Any CPU.Build.0 = Release|Any CPU
		{A5993BFF-2469-4B9D-A4CD-BE795A13D4F6}.Debug|Any CPU.ActiveCfg = Debug|Any CPU
		{A5993BFF-2469-4B9D-A4CD-BE795A13D4F6}.Debug|Any CPU.Build.0 = Debug|Any CPU
		{A5993BFF-2469-4B9D-A4CD-BE795A13D4F6}.Release|Any CPU.ActiveCfg = Release|Any CPU
		{A5993BFF-2469-4B9D-A4CD-BE795A13D4F6}.Release|Any CPU.Build.0 = Release|Any CPU
		{446FE87C-5122-4344-9DF9-9F641E81A476}.Debug|Any CPU.ActiveCfg = Debug|Any CPU
		{446FE87C-5122-4344-9DF9-9F641E81A476}.Debug|Any CPU.Build.0 = Debug|Any CPU
		{446FE87C-5122-4344-9DF9-9F641E81A476}.Release|Any CPU.ActiveCfg = Release|Any CPU
		{446FE87C-5122-4344-9DF9-9F641E81A476}.Release|Any CPU.Build.0 = Release|Any CPU
		{DD496472-FB15-4FFC-86CA-2AC8F0E6CF3C}.Debug|Any CPU.ActiveCfg = Debug|Any CPU
		{DD496472-FB15-4FFC-86CA-2AC8F0E6CF3C}.Debug|Any CPU.Build.0 = Debug|Any CPU
		{DD496472-FB15-4FFC-86CA-2AC8F0E6CF3C}.Release|Any CPU.ActiveCfg = Release|Any CPU
		{DD496472-FB15-4FFC-86CA-2AC8F0E6CF3C}.Release|Any CPU.Build.0 = Release|Any CPU
		{1116A38E-AA67-46E3-9D09-E2DE5C2A694E}.Debug|Any CPU.ActiveCfg = Debug|Any CPU
		{1116A38E-AA67-46E3-9D09-E2DE5C2A694E}.Debug|Any CPU.Build.0 = Debug|Any CPU
		{1116A38E-AA67-46E3-9D09-E2DE5C2A694E}.Release|Any CPU.ActiveCfg = Release|Any CPU
		{1116A38E-AA67-46E3-9D09-E2DE5C2A694E}.Release|Any CPU.Build.0 = Release|Any CPU
		{A794D19C-AAAD-4228-B9BC-1BCB8944B823}.Debug|Any CPU.ActiveCfg = Debug|Any CPU
		{A794D19C-AAAD-4228-B9BC-1BCB8944B823}.Debug|Any CPU.Build.0 = Debug|Any CPU
		{A794D19C-AAAD-4228-B9BC-1BCB8944B823}.Release|Any CPU.ActiveCfg = Release|Any CPU
		{A794D19C-AAAD-4228-B9BC-1BCB8944B823}.Release|Any CPU.Build.0 = Release|Any CPU
		{96F065FC-F8ED-49DE-9B17-7F7E2BAC4B53}.Debug|Any CPU.ActiveCfg = Debug|Any CPU
		{96F065FC-F8ED-49DE-9B17-7F7E2BAC4B53}.Debug|Any CPU.Build.0 = Debug|Any CPU
		{96F065FC-F8ED-49DE-9B17-7F7E2BAC4B53}.Release|Any CPU.ActiveCfg = Release|Any CPU
		{96F065FC-F8ED-49DE-9B17-7F7E2BAC4B53}.Release|Any CPU.Build.0 = Release|Any CPU
		{2969914A-CA35-45C9-B421-EFBB28CC0994}.Debug|Any CPU.ActiveCfg = Debug|Any CPU
		{2969914A-CA35-45C9-B421-EFBB28CC0994}.Debug|Any CPU.Build.0 = Debug|Any CPU
		{2969914A-CA35-45C9-B421-EFBB28CC0994}.Release|Any CPU.ActiveCfg = Release|Any CPU
		{2969914A-CA35-45C9-B421-EFBB28CC0994}.Release|Any CPU.Build.0 = Release|Any CPU
		{97387893-B985-4FA7-BE27-598C33142963}.Debug|Any CPU.ActiveCfg = Debug|Any CPU
		{97387893-B985-4FA7-BE27-598C33142963}.Debug|Any CPU.Build.0 = Debug|Any CPU
		{97387893-B985-4FA7-BE27-598C33142963}.Release|Any CPU.ActiveCfg = Release|Any CPU
		{97387893-B985-4FA7-BE27-598C33142963}.Release|Any CPU.Build.0 = Release|Any CPU
		{E2FC3885-5BD4-4E4C-B08A-DEC5A18896DA}.Debug|Any CPU.ActiveCfg = Debug|Any CPU
		{E2FC3885-5BD4-4E4C-B08A-DEC5A18896DA}.Debug|Any CPU.Build.0 = Debug|Any CPU
		{E2FC3885-5BD4-4E4C-B08A-DEC5A18896DA}.Release|Any CPU.ActiveCfg = Release|Any CPU
		{E2FC3885-5BD4-4E4C-B08A-DEC5A18896DA}.Release|Any CPU.Build.0 = Release|Any CPU
	EndGlobalSection
	GlobalSection(SolutionProperties) = preSolution
		HideSolutionNode = FALSE
	EndGlobalSection
	GlobalSection(ExtensibilityGlobals) = postSolution
		SolutionGuid = {28FDB029-A9A3-4065-90B1-0FC6A1CCBFC1}
	EndGlobalSection
	GlobalSection(NestedProjects) = preSolution
		{446FE87C-5122-4344-9DF9-9F641E81A476} = {F315C569-1436-4161-A7BA-60BD073E707C}
		{32EA2985-26C5-44B5-B8C1-46C8D4DA0979} = {9D0E27B6-2F28-481D-B5AA-6F95C22C2530}
		{A5993BFF-2469-4B9D-A4CD-BE795A13D4F6} = {9D0E27B6-2F28-481D-B5AA-6F95C22C2530}
		{A1DE5D14-C80E-4F06-AF43-A0A7B3B24072} = {9D0E27B6-2F28-481D-B5AA-6F95C22C2530}
		{56F996D1-4DD5-428B-B1FC-4345DF3F7B71} = {9D0E27B6-2F28-481D-B5AA-6F95C22C2530}
		{0A10EA2F-BB40-4DA4-B4B0-9EFC58A58725} = {9D0E27B6-2F28-481D-B5AA-6F95C22C2530}
		{DD496472-FB15-4FFC-86CA-2AC8F0E6CF3C} = {F315C569-1436-4161-A7BA-60BD073E707C}
		{1116A38E-AA67-46E3-9D09-E2DE5C2A694E} = {F315C569-1436-4161-A7BA-60BD073E707C}
		{9C3B117B-5ACB-49C8-B19D-4FCA1CE2BE88} = {F315C569-1436-4161-A7BA-60BD073E707C}
		{A794D19C-AAAD-4228-B9BC-1BCB8944B823} = {5B40454C-F34F-4EC8-80BF-48E4F9DCD4C9}
		{96F065FC-F8ED-49DE-9B17-7F7E2BAC4B53} = {5B40454C-F34F-4EC8-80BF-48E4F9DCD4C9}
		{2969914A-CA35-45C9-B421-EFBB28CC0994} = {5B40454C-F34F-4EC8-80BF-48E4F9DCD4C9}
		{97387893-B985-4FA7-BE27-598C33142963} = {5B40454C-F34F-4EC8-80BF-48E4F9DCD4C9}
		{E2FC3885-5BD4-4E4C-B08A-DEC5A18896DA} = {5B40454C-F34F-4EC8-80BF-48E4F9DCD4C9}
	EndGlobalSection
EndGlobal
